version = 1
revision = 3
requires-python = ">=3.12"

[[package]]
name = "importlib-metadata"
version = "8.6.1"
source = { registry = "https://pypi.org/simple" }
dependencies = [
    { name = "zipp" },
]
sdist = { url = "https://files.pythonhosted.org/packages/33/08/c1395a292bb23fd03bdf572a1357c5a733d3eecbab877641ceacab23db6e/importlib_metadata-8.6.1.tar.gz", hash = "sha256:310b41d755445d74569f993ccfc22838295d9fe005425094fad953d7f15c8580", size = 55767, upload-time = "2025-01-20T22:21:30.429Z" }
wheels = [
    { url = "https://files.pythonhosted.org/packages/79/9d/0fb148dc4d6fa4a7dd1d8378168d9b4cd8d4560a6fbf6f0121c5fc34eb68/importlib_metadata-8.6.1-py3-none-any.whl", hash = "sha256:02a89390c1e15fdfdc0d7c6b25cb3e62650d0494005c97d6f148bf5b9787525e", size = 26971, upload-time = "2025-01-20T22:21:29.177Z" },
]

[[package]]
name = "opentelemetry-api"
version = "1.37.0"
source = { registry = "https://pypi.org/simple" }
dependencies = [
    { name = "importlib-metadata" },
    { name = "typing-extensions" },
]
sdist = { url = "https://files.pythonhosted.org/packages/63/04/05040d7ce33a907a2a02257e601992f0cdf11c73b33f13c4492bf6c3d6d5/opentelemetry_api-1.37.0.tar.gz", hash = "sha256:540735b120355bd5112738ea53621f8d5edb35ebcd6fe21ada3ab1c61d1cd9a7", size = 64923, upload-time = "2025-09-11T10:29:01.662Z" }
wheels = [
    { url = "https://files.pythonhosted.org/packages/91/48/28ed9e55dcf2f453128df738210a980e09f4e468a456fa3c763dbc8be70a/opentelemetry_api-1.37.0-py3-none-any.whl", hash = "sha256:accf2024d3e89faec14302213bc39550ec0f4095d1cf5ca688e1bfb1c8612f47", size = 65732, upload-time = "2025-09-11T10:28:41.826Z" },
]

[[package]]
name = "opentelemetry-sdk"
version = "1.37.0"
source = { registry = "https://pypi.org/simple" }
dependencies = [
    { name = "opentelemetry-api" },
    { name = "opentelemetry-semantic-conventions" },
    { name = "typing-extensions" },
]
sdist = { url = "https://files.pythonhosted.org/packages/f4/62/2e0ca80d7fe94f0b193135375da92c640d15fe81f636658d2acf373086bc/opentelemetry_sdk-1.37.0.tar.gz", hash = "sha256:cc8e089c10953ded765b5ab5669b198bbe0af1b3f89f1007d19acd32dc46dda5", size = 170404, upload-time = "2025-09-11T10:29:11.779Z" }
wheels = [
    { url = "https://files.pythonhosted.org/packages/9f/62/9f4ad6a54126fb00f7ed4bb5034964c6e4f00fcd5a905e115bd22707e20d/opentelemetry_sdk-1.37.0-py3-none-any.whl", hash = "sha256:8f3c3c22063e52475c5dbced7209495c2c16723d016d39287dfc215d1771257c", size = 131941, upload-time = "2025-09-11T10:28:57.83Z" },
]

[[package]]
name = "opentelemetry-semantic-conventions"
version = "0.58b0"
source = { registry = "https://pypi.org/simple" }
dependencies = [
    { name = "opentelemetry-api" },
    { name = "typing-extensions" },
]
sdist = { url = "https://files.pythonhosted.org/packages/aa/1b/90701d91e6300d9f2fb352153fb1721ed99ed1f6ea14fa992c756016e63a/opentelemetry_semantic_conventions-0.58b0.tar.gz", hash = "sha256:6bd46f51264279c433755767bb44ad00f1c9e2367e1b42af563372c5a6fa0c25", size = 129867, upload-time = "2025-09-11T10:29:12.597Z" }
wheels = [
    { url = "https://files.pythonhosted.org/packages/07/90/68152b7465f50285d3ce2481b3aec2f82822e3f52e5152eeeaf516bab841/opentelemetry_semantic_conventions-0.58b0-py3-none-any.whl", hash = "sha256:5564905ab1458b96684db1340232729fce3b5375a06e140e8904c78e4f815b28", size = 207954, upload-time = "2025-09-11T10:28:59.218Z" },
]

[[package]]
name = "renovate-37344-reproduction"
version = "0.1.0"
source = { virtual = "." }
dependencies = [
    { name = "opentelemetry-sdk" },
]

[package.metadata]
requires-dist = [{ name = "opentelemetry-sdk", specifier = ">=1.37.0" }]

[[package]]
name = "typing-extensions"
version = "4.14.1"
source = { registry = "https://pypi.org/simple" }
sdist = { url = "https://files.pythonhosted.org/packages/98/5a/da40306b885cc8c09109dc2e1abd358d5684b1425678151cdaed4731c822/typing_extensions-4.14.1.tar.gz", hash = "sha256:38b39f4aeeab64884ce9f74c94263ef78f3c22467c8724005483154c26648d36", size = 107673, upload-time = "2025-07-04T13:28:34.16Z" }
wheels = [
    { url = "https://files.pythonhosted.org/packages/b5/00/d631e67a838026495268c2f6884f3711a15a9a2a96cd244fdaea53b823fb/typing_extensions-4.14.1-py3-none-any.whl", hash = "sha256:d1e1e3b58374dc93031d6eda2420a48ea44a36c2b4766a4fdeb3710755731d76", size = 43906, upload-time = "2025-07-04T13:28:32.743Z" },
]

[[package]]
name = "zipp"
version = "3.23.0"
source = { registry = "https://pypi.org/simple" }
sdist = { url = "https://files.pythonhosted.org/packages/e3/02/0f2892c661036d50ede074e376733dca2ae7c6eb617489437771209d4180/zipp-3.23.0.tar.gz", hash = "sha256:a07157588a12518c9d4034df3fbbee09c814741a33ff63c05fa29d26a2404166", size = 25547, upload-time = "2025-06-08T17:06:39.4Z" }
wheels = [
    { url = "https://files.pythonhosted.org/packages/2e/54/647ade08bf0db230bfea292f893923872fd20be6ac6f53b2b936ba839d75/zipp-3.23.0-py3-none-any.whl", hash = "sha256:071652d6115ed432f5ce1d34c336c0adfd6a884660d1e9712a256d3d3bd4b14e", size = 10276, upload-time = "2025-06-08T17:06:38.034Z" },
]
